// !$*UTF8*$!
{
	archiveVersion = 1;
	classes = {
	};
	objectVersion = 77;
	objects = {

/* Begin PBXBuildFile section */
		FBDF96313025E79400447200 /* AppDelegate.swift in Sources */ = {isa = PBXBuildFile; fileRef = FBDF96303025E79400447200 /* AppDelegate.swift */; };
		FBDF96353025E79400447200 /* Main.html in Resources */ = {isa = PBXBuildFile; fileRef = FBDF96333025E79400447200 /* Main.html */; };
		FBDF96373025E79400447200 /* Icon.png in Resources */ = {isa = PBXBuildFile; fileRef = FBDF96363025E79400447200 /* Icon.png */; };
		FBDF96393025E79400447200 /* Style.css in Resources */ = {isa = PBXBuildFile; fileRef = FBDF96383025E79400447200 /* Style.css */; };
		FBDF963B3025E79400447200 /* Script.js in Resources */ = {isa = PBXBuildFile; fileRef = FBDF963A3025E79400447200 /* Script.js */; };
		FBDF963D3025E79400447200 /* ViewController.swift in Sources */ = {isa = PBXBuildFile; fileRef = FBDF963C3025E79400447200 /* ViewController.swift */; };
		FBDF96403025E79400447200 /* Main.storyboard in Resources */ = {isa = PBXBuildFile; fileRef = FBDF963E3025E79400447200 /* Main.storyboard */; };
		FBDF96423025E79400447200 /* Assets.xcassets in Resources */ = {isa = PBXBuildFile; fileRef = FBDF96413025E79400447200 /* Assets.xcassets */; };
		FBDF96493025E79500447200 /* Subtitle Appearance Extension.appex in Embed Foundation Extensions */ = {isa = PBXBuildFile; fileRef = FBDF96483025E79500447200 /* Subtitle Appearance Extension.appex */; settings = {ATTRIBUTES = (RemoveHeadersOnCopy, ); }; };
		FBDF964E3025E79500447200 /* SafariWebExtensionHandler.swift in Sources */ = {isa = PBXBuildFile; fileRef = FBDF964D3025E79500447200 /* SafariWebExtensionHandler.swift */; };
		FBDF96613025E79500447200 /* popup.js in Resources */ = {isa = PBXBuildFile; fileRef = FBDF965A3025E79500447200 /* popup.js */; };
		FBDF96623025E79500447200 /* background.js in Resources */ = {isa = PBXBuildFile; fileRef = FBDF965B3025E79500447200 /* background.js */; };
		FBDF96633025E79500447200 /* icons in Resources */ = {isa = PBXBuildFile; fileRef = FBDF965C3025E79500447200 /* icons */; };
		FBDF96643025E79500447200 /* manifest.json in Resources */ = {isa = PBXBuildFile; fileRef = FBDF965D3025E79500447200 /* manifest.json */; };
		FBDF96653025E79500447200 /* popup.css in Resources */ = {isa = PBXBuildFile; fileRef = FBDF965E3025E79500447200 /* popup.css */; };
		FBDF96663025E79500447200 /* content.js in Resources */ = {isa = PBXBuildFile; fileRef = FBDF965F3025E79500447200 /* content.js */; };
		FBDF96673025E79500447200 /* src in Resources */ = {isa = PBXBuildFile; fileRef = FBDF96603025E79500447200 /* src */; };
/* End PBXBuildFile section */

/* Begin PBXContainerItemProxy section */
		FBDF964A3025E79500447200 /* PBXContainerItemProxy */ = {
			isa = PBXContainerItemProxy;
			containerPortal = FBDF96253025E79400447200 /* Project object */;
			proxyType = 1;
			remoteGlobalIDString = FBDF96473025E79500447200;
			remoteInfo = "Subtitle Appearance Extension";
		};
/* End PBXContainerItemProxy section */

/* Begin PBXCopyFilesBuildPhase section */
		FBDF96553025E79500447200 /* Embed Foundation Extensions */ = {
			isa = PBXCopyFilesBuildPhase;
			buildActionMask = 2147483647;
			dstPath = "";
			dstSubfolderSpec = 13;
			files = (
				FBDF96493025E79500447200 /* Subtitle Appearance Extension.appex in Embed Foundation Extensions */,
			);
			name = "Embed Foundation Extensions";
			runOnlyForDeploymentPostprocessing = 0;
		};
/* End PBXCopyFilesBuildPhase section */

/* Begin PBXFileReference section */
		FBDF962D3025E79400447200 /* Subtitle Appearance.app */ = {isa = PBXFileReference; explicitFileType = wrapper.application; includeInIndex = 0; path = "Subtitle Appearance.app"; sourceTree = BUILT_PRODUCTS_DIR; };
		FBDF96303025E79400447200 /* AppDelegate.swift */ = {isa = PBXFileReference; lastKnownFileType = sourcecode.swift; path = AppDelegate.swift; sourceTree = "<group>"; };
		FBDF96343025E79400447200 /* Base */ = {isa = PBXFileReference; lastKnownFileType = text.html; name = Base; path = Base.lproj/Main.html; sourceTree = "<group>"; };
		FBDF96363025E79400447200 /* Icon.png */ = {isa = PBXFileReference; lastKnownFileType = image.png; path = Icon.png; sourceTree = "<group>"; };
		FBDF96383025E79400447200 /* Style.css */ = {isa = PBXFileReference; lastKnownFileType = text.css; path = Style.css; sourceTree = "<group>"; };
		FBDF963A3025E79400447200 /* Script.js */ = {isa = PBXFileReference; lastKnownFileType = sourcecode.javascript; path = Script.js; sourceTree = "<group>"; };
		FBDF963C3025E79400447200 /* ViewController.swift */ = {isa = PBXFileReference; lastKnownFileType = sourcecode.swift; path = ViewController.swift; sourceTree = "<group>"; };
		FBDF963F3025E79400447200 /* Base */ = {isa = PBXFileReference; lastKnownFileType = file.storyboard; name = Base; path = Base.lproj/Main.storyboard; sourceTree = "<group>"; };
		FBDF96413025E79400447200 /* Assets.xcassets */ = {isa = PBXFileReference; lastKnownFileType = folder.assetcatalog; path = Assets.xcassets; sourceTree = "<group>"; };
		FBDF96433025E79400447200 /* Info.plist */ = {isa = PBXFileReference; lastKnownFileType = text.plist.xml; path = Info.plist; sourceTree = "<group>"; };
		FBDF96483025E79500447200 /* Subtitle Appearance Extension.appex */ = {isa = PBXFileReference; explicitFileType = "wrapper.app-extension"; includeInIndex = 0; path = "Subtitle Appearance Extension.appex"; sourceTree = BUILT_PRODUCTS_DIR; };
		FBDF964D3025E79500447200 /* SafariWebExtensionHandler.swift */ = {isa = PBXFileReference; lastKnownFileType = sourcecode.swift; path = SafariWebExtensionHandler.swift; sourceTree = "<group>"; };
		FBDF964F3025E79500447200 /* Info.plist */ = {isa = PBXFileReference; lastKnownFileType = text.plist.xml; path = Info.plist; sourceTree = "<group>"; };
		FBDF965A3025E79500447200 /* popup.js */ = {isa = PBXFileReference; lastKnownFileType = sourcecode.javascript; name = popup.js; path = ../../../dist/popup.js; sourceTree = "<group>"; };
		FBDF965B3025E79500447200 /* background.js */ = {isa = PBXFileReference; lastKnownFileType = sourcecode.javascript; name = background.js; path = ../../../dist/background.js; sourceTree = "<group>"; };
		FBDF965C3025E79500447200 /* icons */ = {isa = PBXFileReference; lastKnownFileType = folder; name = icons; path = ../../../dist/icons; sourceTree = "<group>"; };
		FBDF965D3025E79500447200 /* manifest.json */ = {isa = PBXFileReference; lastKnownFileType = text.json; name = manifest.json; path = ../../../dist/manifest.json; sourceTree = "<group>"; };
		FBDF965E3025E79500447200 /* popup.css */ = {isa = PBXFileReference; lastKnownFileType = text.css; name = popup.css; path = ../../../dist/popup.css; sourceTree = "<group>"; };
		FBDF965F3025E79500447200 /* content.js */ = {isa = PBXFileReference; lastKnownFileType = sourcecode.javascript; name = content.js; path = ../../../dist/content.js; sourceTree = "<group>"; };
		FBDF96603025E79500447200 /* src */ = {isa = PBXFileReference; lastKnownFileType = folder; name = src; path = ../../../dist/src; sourceTree = "<group>"; };
/* End PBXFileReference section */

/* Begin PBXFrameworksBuildPhase section */
		FBDF962A3025E79400447200 /* Frameworks */ = {
			isa = PBXFrameworksBuildPhase;
			buildActionMask = 2147483647;
			files = (
			);
			runOnlyForDeploymentPostprocessing = 0;
		};
		FBDF96453025E79500447200 /* Frameworks */ = {
			isa = PBXFrameworksBuildPhase;
			buildActionMask = 2147483647;
			files = (
			);
			runOnlyForDeploymentPostprocessing = 0;
		};
/* End PBXFrameworksBuildPhase section */

/* Begin PBXGroup section */
		FBDF96243025E79400447200 = {
			isa = PBXGroup;
			children = (
				FBDF962F3025E79400447200 /* Subtitle Appearance */,
				FBDF964C3025E79500447200 /* Subtitle Appearance Extension */,
				FBDF962E3025E79400447200 /* Products */,
			);
			sourceTree = "<group>";
		};
		FBDF962E3025E79400447200 /* Products */ = {
			isa = PBXGroup;
			children = (
				FBDF962D3025E79400447200 /* Subtitle Appearance.app */,
				FBDF96483025E79500447200 /* Subtitle Appearance Extension.appex */,
			);
			name = Products;
			sourceTree = "<group>";
		};
		FBDF962F3025E79400447200 /* Subtitle Appearance */ = {
			isa = PBXGroup;
			children = (
				FBDF96303025E79400447200 /* AppDelegate.swift */,
				FBDF963C3025E79400447200 /* ViewController.swift */,
				FBDF963E3025E79400447200 /* Main.storyboard */,
				FBDF96413025E79400447200 /* Assets.xcassets */,
				FBDF96433025E79400447200 /* Info.plist */,
				FBDF96323025E79400447200 /* Resources */,
			);
			path = "Subtitle Appearance";
			sourceTree = "<group>";
		};
		FBDF96323025E79400447200 /* Resources */ = {
			isa = PBXGroup;
			children = (
				FBDF96333025E79400447200 /* Main.html */,
				FBDF96363025E79400447200 /* Icon.png */,
				FBDF96383025E79400447200 /* Style.css */,
				FBDF963A3025E79400447200 /* Script.js */,
			);
			path = Resources;
			sourceTree = "<group>";
		};
		FBDF964C3025E79500447200 /* Subtitle Appearance Extension */ = {
			isa = PBXGroup;
			children = (
				FBDF96593025E79500447200 /* Resources */,
				FBDF964D3025E79500447200 /* SafariWebExtensionHandler.swift */,
				FBDF964F3025E79500447200 /* Info.plist */,
			);
			path = "Subtitle Appearance Extension";
			sourceTree = "<group>";
		};
		FBDF96593025E79500447200 /* Resources */ = {
			isa = PBXGroup;
			children = (
				FBDF965A3025E79500447200 /* popup.js */,
				FBDF965B3025E79500447200 /* background.js */,
				FBDF965C3025E79500447200 /* icons */,
				FBDF965D3025E79500447200 /* manifest.json */,
				FBDF965E3025E79500447200 /* popup.css */,
				FBDF965F3025E79500447200 /* content.js */,
				FBDF96603025E79500447200 /* src */,
			);
			name = Resources;
			path = "Subtitle Appearance Extension";
			sourceTree = SOURCE_ROOT;
		};
/* End PBXGroup section */

/* Begin PBXNativeTarget section */
		FBDF962C3025E79400447200 /* Subtitle Appearance */ = {
			isa = PBXNativeTarget;
			buildConfigurationList = FBDF96563025E79500447200 /* Build configuration list for PBXNativeTarget "Subtitle Appearance" */;
			buildPhases = (
				FBDF96293025E79400447200 /* Sources */,
				FBDF962A3025E79400447200 /* Frameworks */,
				FBDF962B3025E79400447200 /* Resources */,
				FBDF96553025E79500447200 /* Embed Foundation Extensions */,
			);
			buildRules = (
			);
			dependencies = (
				FBDF964B3025E79500447200 /* PBXTargetDependency */,
			);
			name = "Subtitle Appearance";
			packageProductDependencies = (
			);
			productName = "Subtitle Appearance";
			productReference = FBDF962D3025E79400447200 /* Subtitle Appearance.app */;
			productType = "com.apple.product-type.application";
		};
		FBDF96473025E79500447200 /* Subtitle Appearance Extension */ = {
			isa = PBXNativeTarget;
			buildConfigurationList = FBDF96523025E79500447200 /* Build configuration list for PBXNativeTarget "Subtitle Appearance Extension" */;
			buildPhases = (
				FBDF96443025E79500447200 /* Sources */,
				FBDF96453025E79500447200 /* Frameworks */,
				FBDF96463025E79500447200 /* Resources */,
			);
			buildRules = (
			);
			dependencies = (
			);
			name = "Subtitle Appearance Extension";
			packageProductDependencies = (
			);
			productName = "Subtitle Appearance Extension";
			productReference = FBDF96483025E79500447200 /* Subtitle Appearance Extension.appex */;
			productType = "com.apple.product-type.app-extension";
		};
/* End PBXNativeTarget section */

/* Begin PBXProject section */
		FBDF96253025E79400447200 /* Project object */ = {
			isa = PBXProject;
			attributes = {
				BuildIndependentTargetsInParallel = 1;
				LastSwiftUpdateCheck = 2610;
				LastUpgradeCheck = 2610;
				TargetAttributes = {
					FBDF962C3025E79400447200 = {
						CreatedOnToolsVersion = 26.1.1;
					};
					FBDF96473025E79500447200 = {
						CreatedOnToolsVersion = 26.1.1;
					};
				};
			};
			buildConfigurationList = FBDF96283025E79400447200 /* Build configuration list for PBXProject "Subtitle Appearance" */;
			developmentRegion = en;
			hasScannedForEncodings = 0;
			knownRegions = (
				en,
				Base,
			);
			mainGroup = FBDF96243025E79400447200;
			minimizedProjectReferenceProxies = 1;
			preferredProjectObjectVersion = 77;
			productRefGroup = FBDF962E3025E79400447200 /* Products */;
			projectDirPath = "";
			projectRoot = "";
			targets = (
				FBDF962C3025E79400447200 /* Subtitle Appearance */,
				FBDF96473025E79500447200 /* Subtitle Appearance Extension */,
			);
		};
/* End PBXProject section */

/* Begin PBXResourcesBuildPhase section */
		FBDF962B3025E79400447200 /* Resources */ = {
			isa = PBXResourcesBuildPhase;
			buildActionMask = 2147483647;
			files = (
				FBDF96373025E79400447200 /* Icon.png in Resources */,
				FBDF96403025E79400447200 /* Main.storyboard in Resources */,
				FBDF963B3025E79400447200 /* Script.js in Resources */,
				FBDF96353025E79400447200 /* Main.html in Resources */,
				FBDF96423025E79400447200 /* Assets.xcassets in Resources */,
				FBDF96393025E79400447200 /* Style.css in Resources */,
			);
			runOnlyForDeploymentPostprocessing = 0;
		};
		FBDF96463025E79500447200 /* Resources */ = {
			isa = PBXResourcesBuildPhase;
			buildActionMask = 2147483647;
			files = (
				FBDF96663025E79500447200 /* content.js in Resources */,
				FBDF96653025E79500447200 /* popup.css in Resources */,
				FBDF96643025E79500447200 /* manifest.json in Resources */,
				FBDF96633025E79500447200 /* icons in Resources */,
				FBDF96623025E79500447200 /* background.js in Resources */,
				FBDF96673025E79500447200 /* src in Resources */,
				FBDF96613025E79500447200 /* popup.js in Resources */,
			);
			runOnlyForDeploymentPostprocessing = 0;
		};
/* End PBXResourcesBuildPhase section */

/* Begin PBXSourcesBuildPhase section */
		FBDF96293025E79400447200 /* Sources */ = {
			isa = PBXSourcesBuildPhase;
			buildActionMask = 2147483647;
			files = (
				FBDF963D3025E79400447200 /* ViewController.swift in Sources */,
				FBDF96313025E79400447200 /* AppDelegate.swift in Sources */,
			);
			runOnlyForDeploymentPostprocessing = 0;
		};
		FBDF96443025E79500447200 /* Sources */ = {
			isa = PBXSourcesBuildPhase;
			buildActionMask = 2147483647;
			files = (
				FBDF964E3025E79500447200 /* SafariWebExtensionHandler.swift in Sources */,
			);
			runOnlyForDeploymentPostprocessing = 0;
		};
/* End PBXSourcesBuildPhase section */

/* Begin PBXTargetDependency section */
		FBDF964B3025E79500447200 /* PBXTargetDependency */ = {
			isa = PBXTargetDependency;
			target = FBDF96473025E79500447200 /* Subtitle Appearance Extension */;
			targetProxy = FBDF964A3025E79500447200 /* PBXContainerItemProxy */;
		};
/* End PBXTargetDependency section */

/* Begin PBXVariantGroup section */
		FBDF96333025E79400447200 /* Main.html */ = {
			isa = PBXVariantGroup;
			children = (
				FBDF96343025E79400447200 /* Base */,
			);
			name = Main.html;
			sourceTree = "<group>";
		};
		FBDF963E3025E79400447200 /* Main.storyboard */ = {
			isa = PBXVariantGroup;
			children = (
				FBDF963F3025E79400447200 /* Base */,
			);
			name = Main.storyboard;
			sourceTree = "<group>";
		};
/* End PBXVariantGroup section */

/* Begin XCBuildConfiguration section */
		FBDF96503025E79500447200 /* Debug */ = {
			isa = XCBuildConfiguration;
			buildSettings = {
				ALWAYS_SEARCH_USER_PATHS = NO;
				ASSETCATALOG_COMPILER_GENERATE_SWIFT_ASSET_SYMBOL_EXTENSIONS = YES;
				CLANG_ANALYZER_NONNULL = YES;
				CLANG_ANALYZER_NUMBER_OBJECT_CONVERSION = YES_AGGRESSIVE;
				CLANG_CXX_LANGUAGE_STANDARD = "gnu++20";
				CLANG_ENABLE_MODULES = YES;
				CLANG_ENABLE_OBJC_ARC = YES;
				CLANG_ENABLE_OBJC_WEAK = YES;
				CLANG_WARN_BLOCK_CAPTURE_AUTORELEASING = YES;
				CLANG_WARN_BOOL_CONVERSION = YES;
				CLANG_WARN_COMMA = YES;
				CLANG_WARN_CONSTANT_CONVERSION = YES;
				CLANG_WARN_DEPRECATED_OBJC_IMPLEMENTATIONS = YES;
				CLANG_WARN_DIRECT_OBJC_ISA_USAGE = YES_ERROR;
				CLANG_WARN_DOCUMENTATION_COMMENTS = YES;
				CLANG_WARN_EMPTY_BODY = YES;
				CLANG_WARN_ENUM_CONVERSION = YES;
				CLANG_WARN_INFINITE_RECURSION = YES;
				CLANG_WARN_INT_CONVERSION = YES;
				CLANG_WARN_NON_LITERAL_NULL_CONVERSION = YES;
				CLANG_WARN_OBJC_IMPLICIT_RETAIN_SELF = YES;
				CLANG_WARN_OBJC_LITERAL_CONVERSION = YES;
				CLANG_WARN_OBJC_ROOT_CLASS = YES_ERROR;
				CLANG_WARN_QUOTED_INCLUDE_IN_FRAMEWORK_HEADER = YES;
				CLANG_WARN_RANGE_LOOP_ANALYSIS = YES;
				CLANG_WARN_STRICT_PROTOTYPES = YES;
				CLANG_WARN_SUSPICIOUS_MOVE = YES;
				CLANG_WARN_UNGUARDED_AVAILABILITY = YES_AGGRESSIVE;
				CLANG_WARN_UNREACHABLE_CODE = YES;
				CLANG_WARN__DUPLICATE_METHOD_MATCH = YES;
				COPY_PHASE_STRIP = NO;
				DEBUG_INFORMATION_FORMAT = dwarf;
				ENABLE_STRICT_OBJC_MSGSEND = YES;
				ENABLE_TESTABILITY = YES;
				ENABLE_USER_SCRIPT_SANDBOXING = YES;
				GCC_C_LANGUAGE_STANDARD = gnu17;
				GCC_DYNAMIC_NO_PIC = NO;
				GCC_NO_COMMON_BLOCKS = YES;
				GCC_OPTIMIZATION_LEVEL = 0;
				GCC_PREPROCESSOR_DEFINITIONS = (
					"DEBUG=1",
					"$(inherited)",
				);
				GCC_WARN_64_TO_32_BIT_CONVERSION = YES;
				GCC_WARN_ABOUT_RETURN_TYPE = YES_ERROR;
				GCC_WARN_UNDECLARED_SELECTOR = YES;
				GCC_WARN_UNINITIALIZED_AUTOS = YES_AGGRESSIVE;
				GCC_WARN_UNUSED_FUNCTION = YES;
				GCC_WARN_UNUSED_VARIABLE = YES;
				LOCALIZATION_PREFERS_STRING_CATALOGS = YES;
				MACOSX_DEPLOYMENT_TARGET = 15.6;
				MTL_ENABLE_DEBUG_INFO = INCLUDE_SOURCE;
				MTL_FAST_MATH = YES;
				ONLY_ACTIVE_ARCH = YES;
				SDKROOT = macosx;
				SWIFT_ACTIVE_COMPILATION_CONDITIONS = "DEBUG $(inherited)";
				SWIFT_OPTIMIZATION_LEVEL = "-Onone";
			};
			name = Debug;
		};
		FBDF96513025E79500447200 /* Release */ = {
			isa = XCBuildConfiguration;
			buildSettings = {
				ALWAYS_SEARCH_USER_PATHS = NO;
				ASSETCATALOG_COMPILER_GENERATE_SWIFT_ASSET_SYMBOL_EXTENSIONS = YES;
				CLANG_ANALYZER_NONNULL = YES;
				CLANG_ANALYZER_NUMBER_OBJECT_CONVERSION = YES_AGGRESSIVE;
				CLANG_CXX_LANGUAGE_STANDARD = "gnu++20";
				CLANG_ENABLE_MODULES = YES;
				CLANG_ENABLE_OBJC_ARC = YES;
				CLANG_ENABLE_OBJC_WEAK = YES;
				CLANG_WARN_BLOCK_CAPTURE_AUTORELEASING = YES;
				CLANG_WARN_BOOL_CONVERSION = YES;
				CLANG_WARN_COMMA = YES;
				CLANG_WARN_CONSTANT_CONVERSION = YES;
				CLANG_WARN_DEPRECATED_OBJC_IMPLEMENTATIONS = YES;
				CLANG_WARN_DIRECT_OBJC_ISA_USAGE = YES_ERROR;
				CLANG_WARN_DOCUMENTATION_COMMENTS = YES;
				CLANG_WARN_EMPTY_BODY = YES;
				CLANG_WARN_ENUM_CONVERSION = YES;
				CLANG_WARN_INFINITE_RECURSION = YES;
				CLANG_WARN_INT_CONVERSION = YES;
				CLANG_WARN_NON_LITERAL_NULL_CONVERSION = YES;
				CLANG_WARN_OBJC_IMPLICIT_RETAIN_SELF = YES;
				CLANG_WARN_OBJC_LITERAL_CONVERSION = YES;
				CLANG_WARN_OBJC_ROOT_CLASS = YES_ERROR;
				CLANG_WARN_QUOTED_INCLUDE_IN_FRAMEWORK_HEADER = YES;
				CLANG_WARN_RANGE_LOOP_ANALYSIS = YES;
				CLANG_WARN_STRICT_PROTOTYPES = YES;
				CLANG_WARN_SUSPICIOUS_MOVE = YES;
				CLANG_WARN_UNGUARDED_AVAILABILITY = YES_AGGRESSIVE;
				CLANG_WARN_UNREACHABLE_CODE = YES;
				CLANG_WARN__DUPLICATE_METHOD_MATCH = YES;
				COPY_PHASE_STRIP = NO;
				DEBUG_INFORMATION_FORMAT = "dwarf-with-dsym";
				ENABLE_NS_ASSERTIONS = NO;
				ENABLE_STRICT_OBJC_MSGSEND = YES;
				ENABLE_USER_SCRIPT_SANDBOXING = YES;
				GCC_C_LANGUAGE_STANDARD = gnu17;
				GCC_NO_COMMON_BLOCKS = YES;
				GCC_WARN_64_TO_32_BIT_CONVERSION = YES;
				GCC_WARN_ABOUT_RETURN_TYPE = YES_ERROR;
				GCC_WARN_UNDECLARED_SELECTOR = YES;
				GCC_WARN_UNINITIALIZED_AUTOS = YES_AGGRESSIVE;
				GCC_WARN_UNUSED_FUNCTION = YES;
				GCC_WARN_UNUSED_VARIABLE = YES;
				LOCALIZATION_PREFERS_STRING_CATALOGS = YES;
				MACOSX_DEPLOYMENT_TARGET = 15.6;
				MTL_ENABLE_DEBUG_INFO = NO;
				MTL_FAST_MATH = YES;
				SDKROOT = macosx;
				SWIFT_COMPILATION_MODE = wholemodule;
			};
			name = Release;
		};
		FBDF96533025E79500447200 /* Debug */ = {
			isa = XCBuildConfiguration;
			buildSettings = {
				CODE_SIGN_STYLE = Automatic;
				CURRENT_PROJECT_VERSION = 1;
				ENABLE_APP_SANDBOX = YES;
				ENABLE_HARDENED_RUNTIME = YES;
				ENABLE_USER_SELECTED_FILES = readonly;
				GENERATE_INFOPLIST_FILE = YES;
				INFOPLIST_FILE = "Subtitle Appearance Extension/Info.plist";
				INFOPLIST_KEY_CFBundleDisplayName = "Subtitle Appearance Extension";
				INFOPLIST_KEY_NSHumanReadableCopyright = "";
				LD_RUNPATH_SEARCH_PATHS = (
					"$(inherited)",
					"@executable_path/../Frameworks",
					"@executable_path/../../../../Frameworks",
				);
				MACOSX_DEPLOYMENT_TARGET = 10.14;
				MARKETING_VERSION = 1.0;
				OTHER_LDFLAGS = (
					"-framework",
					SafariServices,
				);
				PRODUCT_BUNDLE_IDENTIFIER = "com.phonixq.subtitle-appearance.Extension";
				PRODUCT_NAME = "$(TARGET_NAME)";
				SKIP_INSTALL = YES;
				STRING_CATALOG_GENERATE_SYMBOLS = YES;
				SWIFT_APPROACHABLE_CONCURRENCY = YES;
				SWIFT_EMIT_LOC_STRINGS = YES;
				SWIFT_UPCOMING_FEATURE_MEMBER_IMPORT_VISIBILITY = YES;
				SWIFT_VERSION = 5.0;
			};
			name = Debug;
		};
		FBDF96543025E79500447200 /* Release */ = {
			isa = XCBuildConfiguration;
			buildSettings = {
				CODE_SIGN_STYLE = Automatic;
				CURRENT_PROJECT_VERSION = 1;
				ENABLE_APP_SANDBOX = YES;
				ENABLE_HARDENED_RUNTIME = YES;
				ENABLE_USER_SELECTED_FILES = readonly;
				GENERATE_INFOPLIST_FILE = YES;
				INFOPLIST_FILE = "Subtitle Appearance Extension/Info.plist";
				INFOPLIST_KEY_CFBundleDisplayName = "Subtitle Appearance Extension";
				INFOPLIST_KEY_NSHumanReadableCopyright = "";
				LD_RUNPATH_SEARCH_PATHS = (
					"$(inherited)",
					"@executable_path/../Frameworks",
					"@executable_path/../../../../Frameworks",
				);
				MACOSX_DEPLOYMENT_TARGET = 10.14;
				MARKETING_VERSION = 1.0;
				OTHER_LDFLAGS = (
					"-framework",
					SafariServices,
				);
				PRODUCT_BUNDLE_IDENTIFIER = "com.phonixq.subtitle-appearance.Extension";
				PRODUCT_NAME = "$(TARGET_NAME)";
				SKIP_INSTALL = YES;
				STRING_CATALOG_GENERATE_SYMBOLS = YES;
				SWIFT_APPROACHABLE_CONCURRENCY = YES;
				SWIFT_EMIT_LOC_STRINGS = YES;
				SWIFT_UPCOMING_FEATURE_MEMBER_IMPORT_VISIBILITY = YES;
				SWIFT_VERSION = 5.0;
			};
			name = Release;
		};
		FBDF96573025E79500447200 /* Debug */ = {
			isa = XCBuildConfiguration;
			buildSettings = {
				ASSETCATALOG_COMPILER_APPICON_NAME = AppIcon;
				ASSETCATALOG_COMPILER_GLOBAL_ACCENT_COLOR_NAME = AccentColor;
				CODE_SIGN_STYLE = Automatic;
				COMBINE_HIDPI_IMAGES = YES;
				CURRENT_PROJECT_VERSION = 1;
				ENABLE_APP_SANDBOX = YES;
				ENABLE_HARDENED_RUNTIME = YES;
				ENABLE_OUTGOING_NETWORK_CONNECTIONS = YES;
				ENABLE_USER_SELECTED_FILES = readonly;
				GENERATE_INFOPLIST_FILE = YES;
				INFOPLIST_FILE = "Subtitle Appearance/Info.plist";
				INFOPLIST_KEY_CFBundleDisplayName = "Subtitle Appearance";
				INFOPLIST_KEY_NSHumanReadableCopyright = "";
				INFOPLIST_KEY_NSMainStoryboardFile = Main;
				INFOPLIST_KEY_NSPrincipalClass = NSApplication;
				LD_RUNPATH_SEARCH_PATHS = (
					"$(inherited)",
					"@executable_path/../Frameworks",
				);
				MARKETING_VERSION = 1.0;
				OTHER_LDFLAGS = (
					"-framework",
					SafariServices,
					"-framework",
					WebKit,
				);
				PRODUCT_BUNDLE_IDENTIFIER = "com.phonixq.subtitle-appearance";
				PRODUCT_NAME = "$(TARGET_NAME)";
				REGISTER_APP_GROUPS = YES;
				STRING_CATALOG_GENERATE_SYMBOLS = YES;
				SWIFT_APPROACHABLE_CONCURRENCY = YES;
				SWIFT_DEFAULT_ACTOR_ISOLATION = MainActor;
				SWIFT_EMIT_LOC_STRINGS = YES;
				SWIFT_UPCOMING_FEATURE_MEMBER_IMPORT_VISIBILITY = YES;
				SWIFT_VERSION = 5.0;
			};
			name = Debug;
		};
		FBDF96583025E79500447200 /* Release */ = {
			isa = XCBuildConfiguration;
			buildSettings = {
				ASSETCATALOG_COMPILER_APPICON_NAME = AppIcon;
				ASSETCATALOG_COMPILER_GLOBAL_ACCENT_COLOR_NAME = AccentColor;
				CODE_SIGN_STYLE = Automatic;
				COMBINE_HIDPI_IMAGES = YES;
				CURRENT_PROJECT_VERSION = 1;
				ENABLE_APP_SANDBOX = YES;
				ENABLE_HARDENED_RUNTIME = YES;
				ENABLE_OUTGOING_NETWORK_CONNECTIONS = YES;
				ENABLE_USER_SELECTED_FILES = readonly;
				GENERATE_INFOPLIST_FILE = YES;
				INFOPLIST_FILE = "Subtitle Appearance/Info.plist";
				INFOPLIST_KEY_CFBundleDisplayName = "Subtitle Appearance";
				INFOPLIST_KEY_NSHumanReadableCopyright = "";
				INFOPLIST_KEY_NSMainStoryboardFile = Main;
				INFOPLIST_KEY_NSPrincipalClass = NSApplication;
				LD_RUNPATH_SEARCH_PATHS = (
					"$(inherited)",
					"@executable_path/../Frameworks",
				);
				MARKETING_VERSION = 1.0;
				OTHER_LDFLAGS = (
					"-framework",
					SafariServices,
					"-framework",
					WebKit,
				);
				PRODUCT_BUNDLE_IDENTIFIER = "com.phonixq.subtitle-appearance";
				PRODUCT_NAME = "$(TARGET_NAME)";
				REGISTER_APP_GROUPS = YES;
				STRING_CATALOG_GENERATE_SYMBOLS = YES;
				SWIFT_APPROACHABLE_CONCURRENCY = YES;
				SWIFT_DEFAULT_ACTOR_ISOLATION = MainActor;
				SWIFT_EMIT_LOC_STRINGS = YES;
				SWIFT_UPCOMING_FEATURE_MEMBER_IMPORT_VISIBILITY = YES;
				SWIFT_VERSION = 5.0;
			};
			name = Release;
		};
/* End XCBuildConfiguration section */

/* Begin XCConfigurationList section */
		FBDF96283025E79400447200 /* Build configuration list for PBXProject "Subtitle Appearance" */ = {
			isa = XCConfigurationList;
			buildConfigurations = (
				FBDF96503025E79500447200 /* Debug */,
				FBDF96513025E79500447200 /* Release */,
			);
			defaultConfigurationIsVisible = 0;
			defaultConfigurationName = Release;
		};
		FBDF96523025E79500447200 /* Build configuration list for PBXNativeTarget "Subtitle Appearance Extension" */ = {
			isa = XCConfigurationList;
			buildConfigurations = (
				FBDF96533025E79500447200 /* Debug */,
				FBDF96543025E79500447200 /* Release */,
			);
			defaultConfigurationIsVisible = 0;
			defaultConfigurationName = Release;
		};
		FBDF96563025E79500447200 /* Build configuration list for PBXNativeTarget "Subtitle Appearance" */ = {
			isa = XCConfigurationList;
			buildConfigurations = (
				FBDF96573025E79500447200 /* Debug */,
				FBDF96583025E79500447200 /* Release */,
			);
			defaultConfigurationIsVisible = 0;
			defaultConfigurationName = Release;
		};
/* End XCConfigurationList section */
	};
	rootObject = FBDF96253025E79400447200 /* Project object */;
}
